
Microsoft Visual Studio Solution File, Format Version 12.00
# Visual Studio 15
Project("{FAE04EC0-301F-11D3-BF4B-00C04F79EFBC}") = "verifyLocationRest", "verifyLocationRest\verifyLocationRest.csproj", "{3DD89521-9803-452C-BED9-088325EB9143}"
EndProject
Global
	GlobalSection(SolutionConfigurationPlatforms) = preSolution
		Debug|Any CPU = Debug|Any CPU
		Release|Any CPU = Release|Any CPU
	EndGlobalSection
	GlobalSection(ProjectConfigurationPlatforms) = postSolution
		{3DD89521-9803-452C-BED9-088325EB9143}.Debug|Any CPU.ActiveCfg = Debug|Any CPU
		{3DD89521-9803-452C-BED9-088325EB9143}.Debug|Any CPU.Build.0 = Debug|Any CPU
		{3DD89521-9803-452C-BED9-088325EB9143}.Release|Any CPU.ActiveCfg = Release|Any CPU
		{3DD89521-9803-452C-BED9-088325EB9143}.Release|Any CPU.Build.0 = Release|Any CPU
	EndGlobalSection
EndGlobal
