
Microsoft Visual Studio Solution File, Format Version 12.00
# Visual Studio 15
Project("{FAE04EC0-301F-11D3-BF4B-00C04F79EFBC}") = "findCloudletNoSessionCookieRest", "findCloudletNoSessionCookieRest\findCloudletNoSessionCookieRest.csproj", "{BE6BB883-BCD9-4E9C-801C-D91F4F5CC9EB}"
EndProject
Global
	GlobalSection(SolutionConfigurationPlatforms) = preSolution
		Debug|Any CPU = Debug|Any CPU
		Release|Any CPU = Release|Any CPU
	EndGlobalSection
	GlobalSection(ProjectConfigurationPlatforms) = postSolution
		{BE6BB883-BCD9-4E9C-801C-D91F4F5CC9EB}.Debug|Any CPU.ActiveCfg = Debug|Any CPU
		{BE6BB883-BCD9-4E9C-801C-D91F4F5CC9EB}.Debug|Any CPU.Build.0 = Debug|Any CPU
		{BE6BB883-BCD9-4E9C-801C-D91F4F5CC9EB}.Release|Any CPU.ActiveCfg = Release|Any CPU
		{BE6BB883-BCD9-4E9C-801C-D91F4F5CC9EB}.Release|Any CPU.Build.0 = Release|Any CPU
	EndGlobalSection
EndGlobal
