
Microsoft Visual Studio Solution File, Format Version 12.00
# Visual Studio Version 16
VisualStudioVersion = 16.0.808.8
MinimumVisualStudioVersion = 10.0.40219.1
Project("{FAE04EC0-301F-11D3-BF4B-00C04F79EFBC}") = "getTLSConnections", "getTLSConnections\getTLSConnections.csproj", "{DC3C61C5-773B-46F7-89B3-25345C03526E}"
EndProject
Global
	GlobalSection(SolutionConfigurationPlatforms) = preSolution
		Debug|Any CPU = Debug|Any CPU
		Release|Any CPU = Release|Any CPU
	EndGlobalSection
	GlobalSection(ProjectConfigurationPlatforms) = postSolution
		{DC3C61C5-773B-46F7-89B3-25345C03526E}.Debug|Any CPU.ActiveCfg = Debug|Any CPU
		{DC3C61C5-773B-46F7-89B3-25345C03526E}.Debug|Any CPU.Build.0 = Debug|Any CPU
		{DC3C61C5-773B-46F7-89B3-25345C03526E}.Release|Any CPU.ActiveCfg = Release|Any CPU
		{DC3C61C5-773B-46F7-89B3-25345C03526E}.Release|Any CPU.Build.0 = Release|Any CPU
	EndGlobalSection
	GlobalSection(SolutionProperties) = preSolution
		HideSolutionNode = FALSE
	EndGlobalSection
	GlobalSection(ExtensibilityGlobals) = postSolution
		SolutionGuid = {4BDE0631-6C75-4A7C-B041-8731ABD3E790}
	EndGlobalSection
EndGlobal
