
Microsoft Visual Studio Solution File, Format Version 12.00
# Visual Studio 15
Project("{FAE04EC0-301F-11D3-BF4B-00C04F79EFBC}") = "verifyLocationBadTokenRest", "verifyLocationBadTokenRest\verifyLocationBadTokenRest.csproj", "{07F536BE-0FBC-45BA-A482-8137C9A458C6}"
EndProject
Global
	GlobalSection(SolutionConfigurationPlatforms) = preSolution
		Debug|Any CPU = Debug|Any CPU
		Release|Any CPU = Release|Any CPU
	EndGlobalSection
	GlobalSection(ProjectConfigurationPlatforms) = postSolution
		{07F536BE-0FBC-45BA-A482-8137C9A458C6}.Debug|Any CPU.ActiveCfg = Debug|Any CPU
		{07F536BE-0FBC-45BA-A482-8137C9A458C6}.Debug|Any CPU.Build.0 = Debug|Any CPU
		{07F536BE-0FBC-45BA-A482-8137C9A458C6}.Release|Any CPU.ActiveCfg = Release|Any CPU
		{07F536BE-0FBC-45BA-A482-8137C9A458C6}.Release|Any CPU.Build.0 = Release|Any CPU
	EndGlobalSection
EndGlobal
