
Microsoft Visual Studio Solution File, Format Version 12.00
# Visual Studio 15
Project("{FAE04EC0-301F-11D3-BF4B-00C04F79EFBC}") = "verifyLocationMisMatchOtherCountry", "verifyLocationMisMatchOtherCountry\verifyLocationMisMatchOtherCountry.csproj", "{59ECFDA0-85EE-49EF-9626-E1CF1146C79D}"
EndProject
Global
	GlobalSection(SolutionConfigurationPlatforms) = preSolution
		Debug|Any CPU = Debug|Any CPU
		Release|Any CPU = Release|Any CPU
	EndGlobalSection
	GlobalSection(ProjectConfigurationPlatforms) = postSolution
		{59ECFDA0-85EE-49EF-9626-E1CF1146C79D}.Debug|Any CPU.ActiveCfg = Debug|Any CPU
		{59ECFDA0-85EE-49EF-9626-E1CF1146C79D}.Debug|Any CPU.Build.0 = Debug|Any CPU
		{59ECFDA0-85EE-49EF-9626-E1CF1146C79D}.Release|Any CPU.ActiveCfg = Release|Any CPU
		{59ECFDA0-85EE-49EF-9626-E1CF1146C79D}.Release|Any CPU.Build.0 = Release|Any CPU
	EndGlobalSection
EndGlobal
