
Microsoft Visual Studio Solution File, Format Version 12.00
# Visual Studio Version 16
VisualStudioVersion = 16.0.808.8
MinimumVisualStudioVersion = 10.0.40219.1
Project("{FAE04EC0-301F-11D3-BF4B-00C04F79EFBC}") = "getWEBServerConnections", "getWEBServerConnections\getWEBServerConnections.csproj", "{ADB8E670-3B94-4B55-9049-F47141A796A9}"
EndProject
Global
	GlobalSection(SolutionConfigurationPlatforms) = preSolution
		Debug|Any CPU = Debug|Any CPU
		Release|Any CPU = Release|Any CPU
	EndGlobalSection
	GlobalSection(ProjectConfigurationPlatforms) = postSolution
		{ADB8E670-3B94-4B55-9049-F47141A796A9}.Debug|Any CPU.ActiveCfg = Debug|Any CPU
		{ADB8E670-3B94-4B55-9049-F47141A796A9}.Debug|Any CPU.Build.0 = Debug|Any CPU
		{ADB8E670-3B94-4B55-9049-F47141A796A9}.Release|Any CPU.ActiveCfg = Release|Any CPU
		{ADB8E670-3B94-4B55-9049-F47141A796A9}.Release|Any CPU.Build.0 = Release|Any CPU
	EndGlobalSection
	GlobalSection(SolutionProperties) = preSolution
		HideSolutionNode = FALSE
	EndGlobalSection
	GlobalSection(ExtensibilityGlobals) = postSolution
		SolutionGuid = {AA6D2DE5-1A68-40A5-8975-7DA6CA1D3C08}
	EndGlobalSection
EndGlobal
