
Microsoft Visual Studio Solution File, Format Version 12.00
# Visual Studio 15
Project("{FAE04EC0-301F-11D3-BF4B-00C04F79EFBC}") = "verifyLocationMisMatchSameCountryRest", "verifyLocationMisMatchSameCountryRest\verifyLocationMisMatchSameCountryRest.csproj", "{EADF78E6-5AE8-4738-9ACF-1E49CEFF0926}"
EndProject
Global
	GlobalSection(SolutionConfigurationPlatforms) = preSolution
		Debug|Any CPU = Debug|Any CPU
		Release|Any CPU = Release|Any CPU
	EndGlobalSection
	GlobalSection(ProjectConfigurationPlatforms) = postSolution
		{EADF78E6-5AE8-4738-9ACF-1E49CEFF0926}.Debug|Any CPU.ActiveCfg = Debug|Any CPU
		{EADF78E6-5AE8-4738-9ACF-1E49CEFF0926}.Debug|Any CPU.Build.0 = Debug|Any CPU
		{EADF78E6-5AE8-4738-9ACF-1E49CEFF0926}.Release|Any CPU.ActiveCfg = Release|Any CPU
		{EADF78E6-5AE8-4738-9ACF-1E49CEFF0926}.Release|Any CPU.Build.0 = Release|Any CPU
	EndGlobalSection
EndGlobal
