
Microsoft Visual Studio Solution File, Format Version 12.00
# Visual Studio 15
Project("{FAE04EC0-301F-11D3-BF4B-00C04F79EFBC}") = "registerClientWithAuthWrongAppVer", "registerClientWithAuthWrongAppVer.csproj", "{4F69C7CE-549B-4579-9BA5-65F9D86DC04A}"
EndProject
Global
	GlobalSection(SolutionConfigurationPlatforms) = preSolution
		Debug|Any CPU = Debug|Any CPU
		Release|Any CPU = Release|Any CPU
	EndGlobalSection
	GlobalSection(ProjectConfigurationPlatforms) = postSolution
		{4F69C7CE-549B-4579-9BA5-65F9D86DC04A}.Debug|Any CPU.ActiveCfg = Debug|Any CPU
		{4F69C7CE-549B-4579-9BA5-65F9D86DC04A}.Debug|Any CPU.Build.0 = Debug|Any CPU
		{4F69C7CE-549B-4579-9BA5-65F9D86DC04A}.Release|Any CPU.ActiveCfg = Release|Any CPU
		{4F69C7CE-549B-4579-9BA5-65F9D86DC04A}.Release|Any CPU.Build.0 = Release|Any CPU
	EndGlobalSection
EndGlobal
