
Microsoft Visual Studio Solution File, Format Version 12.00
# Visual Studio 15
Project("{FAE04EC0-301F-11D3-BF4B-00C04F79EFBC}") = "registerClientWrongDevNameRest", "registerClientWrongDevNameRest\registerClientWrongDevNameRest.csproj", "{D0C29063-A9B5-4074-BE76-F32386BEDDF0}"
EndProject
Global
	GlobalSection(SolutionConfigurationPlatforms) = preSolution
		Debug|Any CPU = Debug|Any CPU
		Release|Any CPU = Release|Any CPU
	EndGlobalSection
	GlobalSection(ProjectConfigurationPlatforms) = postSolution
		{D0C29063-A9B5-4074-BE76-F32386BEDDF0}.Debug|Any CPU.ActiveCfg = Debug|Any CPU
		{D0C29063-A9B5-4074-BE76-F32386BEDDF0}.Debug|Any CPU.Build.0 = Debug|Any CPU
		{D0C29063-A9B5-4074-BE76-F32386BEDDF0}.Release|Any CPU.ActiveCfg = Release|Any CPU
		{D0C29063-A9B5-4074-BE76-F32386BEDDF0}.Release|Any CPU.Build.0 = Release|Any CPU
	EndGlobalSection
EndGlobal
